
Microsoft Visual Studio Solution File, Format Version 12.00
# Visual Studio Version 16
VisualStudioVersion = 16.0.31424.327
MinimumVisualStudioVersion = 10.0.40219.1
Project("{FAE04EC0-301F-11D3-BF4B-00C04F79EFBC}") = "AplikasiTugasTiga3", "AplikasiTugasTiga3\AplikasiTugasTiga3.csproj", "{83F41842-213A-42FE-B790-E51C1EBFBFBB}"
EndProject
Global
	GlobalSection(SolutionConfigurationPlatforms) = preSolution
		Debug|Any CPU = Debug|Any CPU
		Release|Any CPU = Release|Any CPU
	EndGlobalSection
	GlobalSection(ProjectConfigurationPlatforms) = postSolution
		{83F41842-213A-42FE-B790-E51C1EBFBFBB}.Debug|Any CPU.ActiveCfg = Debug|Any CPU
		{83F41842-213A-42FE-B790-E51C1EBFBFBB}.Debug|Any CPU.Build.0 = Debug|Any CPU
		{83F41842-213A-42FE-B790-E51C1EBFBFBB}.Release|Any CPU.ActiveCfg = Release|Any CPU
		{83F41842-213A-42FE-B790-E51C1EBFBFBB}.Release|Any CPU.Build.0 = Release|Any CPU
	EndGlobalSection
	GlobalSection(SolutionProperties) = preSolution
		HideSolutionNode = FALSE
	EndGlobalSection
	GlobalSection(ExtensibilityGlobals) = postSolution
		SolutionGuid = {AD5B98BB-E8A7-4248-B20E-4933753162BE}
	EndGlobalSection
EndGlobal
